
Microsoft Visual Studio Solution File, Format Version 12.00
# Visual Studio Version 17
VisualStudioVersion = 17.13.35931.197 d17.13
MinimumVisualStudioVersion = 10.0.40219.1
Project("{FAE04EC0-301F-11D3-BF4B-00C04F79EFBC}") = "InsertionSortTarea", "InsertionSortTarea\InsertionSortTarea.csproj", "{35788724-F4A1-4464-871A-67FAD0BF2BFE}"
EndProject
Global
	GlobalSection(SolutionConfigurationPlatforms) = preSolution
		Debug|Any CPU = Debug|Any CPU
		Release|Any CPU = Release|Any CPU
	EndGlobalSection
	GlobalSection(ProjectConfigurationPlatforms) = postSolution
		{35788724-F4A1-4464-871A-67FAD0BF2BFE}.Debug|Any CPU.ActiveCfg = Debug|Any CPU
		{35788724-F4A1-4464-871A-67FAD0BF2BFE}.Debug|Any CPU.Build.0 = Debug|Any CPU
		{35788724-F4A1-4464-871A-67FAD0BF2BFE}.Release|Any CPU.ActiveCfg = Release|Any CPU
		{35788724-F4A1-4464-871A-67FAD0BF2BFE}.Release|Any CPU.Build.0 = Release|Any CPU
	EndGlobalSection
	GlobalSection(SolutionProperties) = preSolution
		HideSolutionNode = FALSE
	EndGlobalSection
	GlobalSection(ExtensibilityGlobals) = postSolution
		SolutionGuid = {C5A47DFF-56A7-4B28-BB6A-2D8ED69C4423}
	EndGlobalSection
EndGlobal
